// !$*UTF8*$!
{
	archiveVersion = 1;
	classes = {
	};
	objectVersion = 55;
	objects = {

/* Begin PBXBuildFile section */
		EFA474EC288A99220087F8EE /* Operator.swift in Sources */ = {isa = PBXBuildFile; fileRef = EFA474EB288A99220087F8EE /* Operator.swift */; };
		EFA474EF288D3A6B0087F8EE /* UserDefaultsManager.swift in Sources */ = {isa = PBXBuildFile; fileRef = EFA474EE288D3A6B0087F8EE /* UserDefaultsManager.swift */; };
		EFA66B9A2889505D006F46A0 /* AppDelegate.swift in Sources */ = {isa = PBXBuildFile; fileRef = EFA66B992889505D006F46A0 /* AppDelegate.swift */; };
		EFA66B9C2889505D006F46A0 /* SceneDelegate.swift in Sources */ = {isa = PBXBuildFile; fileRef = EFA66B9B2889505D006F46A0 /* SceneDelegate.swift */; };
		EFA66B9E2889505D006F46A0 /* ViewController.swift in Sources */ = {isa = PBXBuildFile; fileRef = EFA66B9D2889505D006F46A0 /* ViewController.swift */; };
		EFA66BA12889505D006F46A0 /* Main.storyboard in Resources */ = {isa = PBXBuildFile; fileRef = EFA66B9F2889505D006F46A0 /* Main.storyboard */; };
		EFA66BA32889505E006F46A0 /* Assets.xcassets in Resources */ = {isa = PBXBuildFile; fileRef = EFA66BA22889505E006F46A0 /* Assets.xcassets */; };
		EFA66BA62889505E006F46A0 /* LaunchScreen.storyboard in Resources */ = {isa = PBXBuildFile; fileRef = EFA66BA42889505E006F46A0 /* LaunchScreen.storyboard */; };
		EFA66BAF288950C1006F46A0 /* SnapKit in Frameworks */ = {isa = PBXBuildFile; productRef = EFA66BAE288950C1006F46A0 /* SnapKit */; };
		EFA66BB2288950CE006F46A0 /* Then in Frameworks */ = {isa = PBXBuildFile; productRef = EFA66BB1288950CE006F46A0 /* Then */; };
		EFA66BB5288950EB006F46A0 /* RxCocoa in Frameworks */ = {isa = PBXBuildFile; productRef = EFA66BB4288950EB006F46A0 /* RxCocoa */; };
		EFA66BB7288950EB006F46A0 /* RxRelay in Frameworks */ = {isa = PBXBuildFile; productRef = EFA66BB6288950EB006F46A0 /* RxRelay */; };
		EFA66BB9288950EB006F46A0 /* RxSwift in Frameworks */ = {isa = PBXBuildFile; productRef = EFA66BB8288950EB006F46A0 /* RxSwift */; };
		EFA66BBB288958F8006F46A0 /* Extension + RxSwift.swift in Sources */ = {isa = PBXBuildFile; fileRef = EFA66BBA288958F8006F46A0 /* Extension + RxSwift.swift */; };
		EFA66BBE28895AEA006F46A0 /* Extension + UITextView.swift in Sources */ = {isa = PBXBuildFile; fileRef = EFA66BBD28895AEA006F46A0 /* Extension + UITextView.swift */; };
		EFA66BC028895B34006F46A0 /* Extension + UIColor.swift in Sources */ = {isa = PBXBuildFile; fileRef = EFA66BBF28895B34006F46A0 /* Extension + UIColor.swift */; };
		EFA66BC328895B7A006F46A0 /* Toast in Frameworks */ = {isa = PBXBuildFile; productRef = EFA66BC228895B7A006F46A0 /* Toast */; };
		EFA66BC528895BA9006F46A0 /* Extension + UITextField.swift in Sources */ = {isa = PBXBuildFile; fileRef = EFA66BC428895BA9006F46A0 /* Extension + UITextField.swift */; };
		EFA66BC728895C49006F46A0 /* Extension + UIViewController.swift in Sources */ = {isa = PBXBuildFile; fileRef = EFA66BC628895C49006F46A0 /* Extension + UIViewController.swift */; };
		EFA66BC928895CC7006F46A0 /* Extension + Array.swift in Sources */ = {isa = PBXBuildFile; fileRef = EFA66BC828895CC7006F46A0 /* Extension + Array.swift */; };
		EFA66BCB28896041006F46A0 /* ViewModel.swift in Sources */ = {isa = PBXBuildFile; fileRef = EFA66BCA28896041006F46A0 /* ViewModel.swift */; };
		EFA66BCD28896078006F46A0 /* ReactivableView.swift in Sources */ = {isa = PBXBuildFile; fileRef = EFA66BCC28896078006F46A0 /* ReactivableView.swift */; };
		EFA66BD02889662F006F46A0 /* DeinitPrinter.swift in Sources */ = {isa = PBXBuildFile; fileRef = EFA66BCF2889662F006F46A0 /* DeinitPrinter.swift */; };
		EFA66BD2288A14FF006F46A0 /* RockPaperScissorsView.swift in Sources */ = {isa = PBXBuildFile; fileRef = EFA66BD1288A14FF006F46A0 /* RockPaperScissorsView.swift */; };
		EFA66BD4288A150D006F46A0 /* RockPaperScissorsViewModel.swift in Sources */ = {isa = PBXBuildFile; fileRef = EFA66BD3288A150D006F46A0 /* RockPaperScissorsViewModel.swift */; };
		EFB05D15288E21FA0089CEA7 /* Model.xcdatamodeld in Sources */ = {isa = PBXBuildFile; fileRef = EFB05D13288E21FA0089CEA7 /* Model.xcdatamodeld */; };
		EFE6B10C288E5C480093896B /* CareerRecord+CoreDataClass.swift in Sources */ = {isa = PBXBuildFile; fileRef = EFE6B10A288E5C480093896B /* CareerRecord+CoreDataClass.swift */; };
		EFE6B10D288E5C480093896B /* CareerRecord+CoreDataProperties.swift in Sources */ = {isa = PBXBuildFile; fileRef = EFE6B10B288E5C480093896B /* CareerRecord+CoreDataProperties.swift */; };
/* End PBXBuildFile section */

/* Begin PBXFileReference section */
		EFA474EB288A99220087F8EE /* Operator.swift */ = {isa = PBXFileReference; lastKnownFileType = sourcecode.swift; path = Operator.swift; sourceTree = "<group>"; };
		EFA474EE288D3A6B0087F8EE /* UserDefaultsManager.swift */ = {isa = PBXFileReference; lastKnownFileType = sourcecode.swift; path = UserDefaultsManager.swift; sourceTree = "<group>"; };
		EFA66B962889505D006F46A0 /* MiniGameExample.app */ = {isa = PBXFileReference; explicitFileType = wrapper.application; includeInIndex = 0; path = MiniGameExample.app; sourceTree = BUILT_PRODUCTS_DIR; };
		EFA66B992889505D006F46A0 /* AppDelegate.swift */ = {isa = PBXFileReference; lastKnownFileType = sourcecode.swift; path = AppDelegate.swift; sourceTree = "<group>"; };
		EFA66B9B2889505D006F46A0 /* SceneDelegate.swift */ = {isa = PBXFileReference; lastKnownFileType = sourcecode.swift; path = SceneDelegate.swift; sourceTree = "<group>"; };
		EFA66B9D2889505D006F46A0 /* ViewController.swift */ = {isa = PBXFileReference; lastKnownFileType = sourcecode.swift; path = ViewController.swift; sourceTree = "<group>"; };
		EFA66BA02889505D006F46A0 /* Base */ = {isa = PBXFileReference; lastKnownFileType = file.storyboard; name = Base; path = Base.lproj/Main.storyboard; sourceTree = "<group>"; };
		EFA66BA22889505E006F46A0 /* Assets.xcassets */ = {isa = PBXFileReference; lastKnownFileType = folder.assetcatalog; path = Assets.xcassets; sourceTree = "<group>"; };
		EFA66BA52889505E006F46A0 /* Base */ = {isa = PBXFileReference; lastKnownFileType = file.storyboard; name = Base; path = Base.lproj/LaunchScreen.storyboard; sourceTree = "<group>"; };
		EFA66BA72889505E006F46A0 /* Info.plist */ = {isa = PBXFileReference; lastKnownFileType = text.plist.xml; path = Info.plist; sourceTree = "<group>"; };
		EFA66BBA288958F8006F46A0 /* Extension + RxSwift.swift */ = {isa = PBXFileReference; lastKnownFileType = sourcecode.swift; path = "Extension + RxSwift.swift"; sourceTree = "<group>"; };
		EFA66BBD28895AEA006F46A0 /* Extension + UITextView.swift */ = {isa = PBXFileReference; lastKnownFileType = sourcecode.swift; path = "Extension + UITextView.swift"; sourceTree = "<group>"; };
		EFA66BBF28895B34006F46A0 /* Extension + UIColor.swift */ = {isa = PBXFileReference; lastKnownFileType = sourcecode.swift; path = "Extension + UIColor.swift"; sourceTree = "<group>"; };
		EFA66BC428895BA9006F46A0 /* Extension + UITextField.swift */ = {isa = PBXFileReference; lastKnownFileType = sourcecode.swift; path = "Extension + UITextField.swift"; sourceTree = "<group>"; };
		EFA66BC628895C49006F46A0 /* Extension + UIViewController.swift */ = {isa = PBXFileReference; lastKnownFileType = sourcecode.swift; path = "Extension + UIViewController.swift"; sourceTree = "<group>"; };
		EFA66BC828895CC7006F46A0 /* Extension + Array.swift */ = {isa = PBXFileReference; lastKnownFileType = sourcecode.swift; path = "Extension + Array.swift"; sourceTree = "<group>"; };
		EFA66BCA28896041006F46A0 /* ViewModel.swift */ = {isa = PBXFileReference; lastKnownFileType = sourcecode.swift; path = ViewModel.swift; sourceTree = "<group>"; };
		EFA66BCC28896078006F46A0 /* ReactivableView.swift */ = {isa = PBXFileReference; lastKnownFileType = sourcecode.swift; path = ReactivableView.swift; sourceTree = "<group>"; };
		EFA66BCF2889662F006F46A0 /* DeinitPrinter.swift */ = {isa = PBXFileReference; lastKnownFileType = sourcecode.swift; path = DeinitPrinter.swift; sourceTree = "<group>"; };
		EFA66BD1288A14FF006F46A0 /* RockPaperScissorsView.swift */ = {isa = PBXFileReference; lastKnownFileType = sourcecode.swift; path = RockPaperScissorsView.swift; sourceTree = "<group>"; };
		EFA66BD3288A150D006F46A0 /* RockPaperScissorsViewModel.swift */ = {isa = PBXFileReference; lastKnownFileType = sourcecode.swift; path = RockPaperScissorsViewModel.swift; sourceTree = "<group>"; };
		EFB05D14288E21FA0089CEA7 /* Model.xcdatamodel */ = {isa = PBXFileReference; lastKnownFileType = wrapper.xcdatamodel; path = Model.xcdatamodel; sourceTree = "<group>"; };
		EFE6B10A288E5C480093896B /* CareerRecord+CoreDataClass.swift */ = {isa = PBXFileReference; lastKnownFileType = sourcecode.swift; path = "CareerRecord+CoreDataClass.swift"; sourceTree = "<group>"; };
		EFE6B10B288E5C480093896B /* CareerRecord+CoreDataProperties.swift */ = {isa = PBXFileReference; lastKnownFileType = sourcecode.swift; path = "CareerRecord+CoreDataProperties.swift"; sourceTree = "<group>"; };
/* End PBXFileReference section */

/* Begin PBXFrameworksBuildPhase section */
		EFA66B932889505D006F46A0 /* Frameworks */ = {
			isa = PBXFrameworksBuildPhase;
			buildActionMask = 2147483647;
			files = (
				EFA66BC328895B7A006F46A0 /* Toast in Frameworks */,
				EFA66BB5288950EB006F46A0 /* RxCocoa in Frameworks */,
				EFA66BAF288950C1006F46A0 /* SnapKit in Frameworks */,
				EFA66BB9288950EB006F46A0 /* RxSwift in Frameworks */,
				EFA66BB7288950EB006F46A0 /* RxRelay in Frameworks */,
				EFA66BB2288950CE006F46A0 /* Then in Frameworks */,
			);
			runOnlyForDeploymentPostprocessing = 0;
		};
/* End PBXFrameworksBuildPhase section */

/* Begin PBXGroup section */
		EFA474ED288A9B030087F8EE /* RockPaperScissors */ = {
			isa = PBXGroup;
			children = (
				EFA66BD1288A14FF006F46A0 /* RockPaperScissorsView.swift */,
				EFA66BD3288A150D006F46A0 /* RockPaperScissorsViewModel.swift */,
			);
			path = RockPaperScissors;
			sourceTree = "<group>";
		};
		EFA66B8D2889505D006F46A0 = {
			isa = PBXGroup;
			children = (
				EFE6B10A288E5C480093896B /* CareerRecord+CoreDataClass.swift */,
				EFE6B10B288E5C480093896B /* CareerRecord+CoreDataProperties.swift */,
				EFA66B982889505D006F46A0 /* MiniGameExample */,
				EFA66B972889505D006F46A0 /* Products */,
			);
			sourceTree = "<group>";
		};
		EFA66B972889505D006F46A0 /* Products */ = {
			isa = PBXGroup;
			children = (
				EFA66B962889505D006F46A0 /* MiniGameExample.app */,
			);
			name = Products;
			sourceTree = "<group>";
		};
		EFA66B982889505D006F46A0 /* MiniGameExample */ = {
			isa = PBXGroup;
			children = (
				EFA66B992889505D006F46A0 /* AppDelegate.swift */,
				EFA66B9B2889505D006F46A0 /* SceneDelegate.swift */,
				EFA66B9D2889505D006F46A0 /* ViewController.swift */,
				EFA474ED288A9B030087F8EE /* RockPaperScissors */,
				EFA66BCE288961DD006F46A0 /* Declaration */,
				EFA66BBC28895969006F46A0 /* Extension */,
				EFA474EE288D3A6B0087F8EE /* UserDefaultsManager.swift */,
				EFA66B9F2889505D006F46A0 /* Main.storyboard */,
				EFA66BA22889505E006F46A0 /* Assets.xcassets */,
				EFA66BA42889505E006F46A0 /* LaunchScreen.storyboard */,
				EFA66BA72889505E006F46A0 /* Info.plist */,
				EFB05D13288E21FA0089CEA7 /* Model.xcdatamodeld */,
			);
			path = MiniGameExample;
			sourceTree = "<group>";
		};
		EFA66BBC28895969006F46A0 /* Extension */ = {
			isa = PBXGroup;
			children = (
				EFA66BC828895CC7006F46A0 /* Extension + Array.swift */,
				EFA66BBA288958F8006F46A0 /* Extension + RxSwift.swift */,
				EFA66BBF28895B34006F46A0 /* Extension + UIColor.swift */,
				EFA66BC428895BA9006F46A0 /* Extension + UITextField.swift */,
				EFA66BBD28895AEA006F46A0 /* Extension + UITextView.swift */,
				EFA66BC628895C49006F46A0 /* Extension + UIViewController.swift */,
				EFA474EB288A99220087F8EE /* Operator.swift */,
			);
			path = Extension;
			sourceTree = "<group>";
		};
		EFA66BCE288961DD006F46A0 /* Declaration */ = {
			isa = PBXGroup;
			children = (
				EFA66BCA28896041006F46A0 /* ViewModel.swift */,
				EFA66BCC28896078006F46A0 /* ReactivableView.swift */,
				EFA66BCF2889662F006F46A0 /* DeinitPrinter.swift */,
			);
			path = Declaration;
			sourceTree = "<group>";
		};
/* End PBXGroup section */

/* Begin PBXNativeTarget section */
		EFA66B952889505D006F46A0 /* MiniGameExample */ = {
			isa = PBXNativeTarget;
			buildConfigurationList = EFA66BAA2889505E006F46A0 /* Build configuration list for PBXNativeTarget "MiniGameExample" */;
			buildPhases = (
				EFA66B922889505D006F46A0 /* Sources */,
				EFA66B932889505D006F46A0 /* Frameworks */,
				EFA66B942889505D006F46A0 /* Resources */,
			);
			buildRules = (
			);
			dependencies = (
			);
			name = MiniGameExample;
			packageProductDependencies = (
				EFA66BAE288950C1006F46A0 /* SnapKit */,
				EFA66BB1288950CE006F46A0 /* Then */,
				EFA66BB4288950EB006F46A0 /* RxCocoa */,
				EFA66BB6288950EB006F46A0 /* RxRelay */,
				EFA66BB8288950EB006F46A0 /* RxSwift */,
				EFA66BC228895B7A006F46A0 /* Toast */,
			);
			productName = MiniGameExample;
			productReference = EFA66B962889505D006F46A0 /* MiniGameExample.app */;
			productType = "com.apple.product-type.application";
		};
/* End PBXNativeTarget section */

/* Begin PBXProject section */
		EFA66B8E2889505D006F46A0 /* Project object */ = {
			isa = PBXProject;
			attributes = {
				BuildIndependentTargetsInParallel = 1;
				LastSwiftUpdateCheck = 1330;
				LastUpgradeCheck = 1330;
				TargetAttributes = {
					EFA66B952889505D006F46A0 = {
						CreatedOnToolsVersion = 13.3.1;
					};
				};
			};
			buildConfigurationList = EFA66B912889505D006F46A0 /* Build configuration list for PBXProject "MiniGameExample" */;
			compatibilityVersion = "Xcode 13.0";
			developmentRegion = en;
			hasScannedForEncodings = 0;
			knownRegions = (
				en,
				Base,
			);
			mainGroup = EFA66B8D2889505D006F46A0;
			packageReferences = (
				EFA66BAD288950C1006F46A0 /* XCRemoteSwiftPackageReference "SnapKit" */,
				EFA66BB0288950CE006F46A0 /* XCRemoteSwiftPackageReference "Then" */,
				EFA66BB3288950EB006F46A0 /* XCRemoteSwiftPackageReference "RxSwift" */,
				EFA66BC128895B7A006F46A0 /* XCRemoteSwiftPackageReference "Toast-Swift" */,
			);
			productRefGroup = EFA66B972889505D006F46A0 /* Products */;
			projectDirPath = "";
			projectRoot = "";
			targets = (
				EFA66B952889505D006F46A0 /* MiniGameExample */,
			);
		};
/* End PBXProject section */

/* Begin PBXResourcesBuildPhase section */
		EFA66B942889505D006F46A0 /* Resources */ = {
			isa = PBXResourcesBuildPhase;
			buildActionMask = 2147483647;
			files = (
				EFA66BA62889505E006F46A0 /* LaunchScreen.storyboard in Resources */,
				EFA66BA32889505E006F46A0 /* Assets.xcassets in Resources */,
				EFA66BA12889505D006F46A0 /* Main.storyboard in Resources */,
			);
			runOnlyForDeploymentPostprocessing = 0;
		};
/* End PBXResourcesBuildPhase section */

/* Begin PBXSourcesBuildPhase section */
		EFA66B922889505D006F46A0 /* Sources */ = {
			isa = PBXSourcesBuildPhase;
			buildActionMask = 2147483647;
			files = (
				EFA66BCD28896078006F46A0 /* ReactivableView.swift in Sources */,
				EFA66BCB28896041006F46A0 /* ViewModel.swift in Sources */,
				EFA66B9E2889505D006F46A0 /* ViewController.swift in Sources */,
				EFA66BD4288A150D006F46A0 /* RockPaperScissorsViewModel.swift in Sources */,
				EFA66BBB288958F8006F46A0 /* Extension + RxSwift.swift in Sources */,
				EFA66BC728895C49006F46A0 /* Extension + UIViewController.swift in Sources */,
				EFA474EF288D3A6B0087F8EE /* UserDefaultsManager.swift in Sources */,
				EFA66BC928895CC7006F46A0 /* Extension + Array.swift in Sources */,
				EFB05D15288E21FA0089CEA7 /* Model.xcdatamodeld in Sources */,
				EFA66BBE28895AEA006F46A0 /* Extension + UITextView.swift in Sources */,
				EFE6B10C288E5C480093896B /* CareerRecord+CoreDataClass.swift in Sources */,
				EFA66B9A2889505D006F46A0 /* AppDelegate.swift in Sources */,
				EFA66B9C2889505D006F46A0 /* SceneDelegate.swift in Sources */,
				EFE6B10D288E5C480093896B /* CareerRecord+CoreDataProperties.swift in Sources */,
				EFA66BC028895B34006F46A0 /* Extension + UIColor.swift in Sources */,
				EFA66BC528895BA9006F46A0 /* Extension + UITextField.swift in Sources */,
				EFA474EC288A99220087F8EE /* Operator.swift in Sources */,
				EFA66BD2288A14FF006F46A0 /* RockPaperScissorsView.swift in Sources */,
				EFA66BD02889662F006F46A0 /* DeinitPrinter.swift in Sources */,
			);
			runOnlyForDeploymentPostprocessing = 0;
		};
/* End PBXSourcesBuildPhase section */

/* Begin PBXVariantGroup section */
		EFA66B9F2889505D006F46A0 /* Main.storyboard */ = {
			isa = PBXVariantGroup;
			children = (
				EFA66BA02889505D006F46A0 /* Base */,
			);
			name = Main.storyboard;
			sourceTree = "<group>";
		};
		EFA66BA42889505E006F46A0 /* LaunchScreen.storyboard */ = {
			isa = PBXVariantGroup;
			children = (
				EFA66BA52889505E006F46A0 /* Base */,
			);
			name = LaunchScreen.storyboard;
			sourceTree = "<group>";
		};
/* End PBXVariantGroup section */

/* Begin XCBuildConfiguration section */
		EFA66BA82889505E006F46A0 /* Debug */ = {
			isa = XCBuildConfiguration;
			buildSettings = {
				ALWAYS_SEARCH_USER_PATHS = NO;
				CLANG_ANALYZER_NONNULL = YES;
				CLANG_ANALYZER_NUMBER_OBJECT_CONVERSION = YES_AGGRESSIVE;
				CLANG_CXX_LANGUAGE_STANDARD = "gnu++17";
				CLANG_ENABLE_MODULES = YES;
				CLANG_ENABLE_OBJC_ARC = YES;
				CLANG_ENABLE_OBJC_WEAK = YES;
				CLANG_WARN_BLOCK_CAPTURE_AUTORELEASING = YES;
				CLANG_WARN_BOOL_CONVERSION = YES;
				CLANG_WARN_COMMA = YES;
				CLANG_WARN_CONSTANT_CONVERSION = YES;
				CLANG_WARN_DEPRECATED_OBJC_IMPLEMENTATIONS = YES;
				CLANG_WARN_DIRECT_OBJC_ISA_USAGE = YES_ERROR;
				CLANG_WARN_DOCUMENTATION_COMMENTS = YES;
				CLANG_WARN_EMPTY_BODY = YES;
				CLANG_WARN_ENUM_CONVERSION = YES;
				CLANG_WARN_INFINITE_RECURSION = YES;
				CLANG_WARN_INT_CONVERSION = YES;
				CLANG_WARN_NON_LITERAL_NULL_CONVERSION = YES;
				CLANG_WARN_OBJC_IMPLICIT_RETAIN_SELF = YES;
				CLANG_WARN_OBJC_LITERAL_CONVERSION = YES;
				CLANG_WARN_OBJC_ROOT_CLASS = YES_ERROR;
				CLANG_WARN_QUOTED_INCLUDE_IN_FRAMEWORK_HEADER = YES;
				CLANG_WARN_RANGE_LOOP_ANALYSIS = YES;
				CLANG_WARN_STRICT_PROTOTYPES = YES;
				CLANG_WARN_SUSPICIOUS_MOVE = YES;
				CLANG_WARN_UNGUARDED_AVAILABILITY = YES_AGGRESSIVE;
				CLANG_WARN_UNREACHABLE_CODE = YES;
				CLANG_WARN__DUPLICATE_METHOD_MATCH = YES;
				COPY_PHASE_STRIP = NO;
				DEBUG_INFORMATION_FORMAT = dwarf;
				ENABLE_STRICT_OBJC_MSGSEND = YES;
				ENABLE_TESTABILITY = YES;
				GCC_C_LANGUAGE_STANDARD = gnu11;
				GCC_DYNAMIC_NO_PIC = NO;
				GCC_NO_COMMON_BLOCKS = YES;
				GCC_OPTIMIZATION_LEVEL = 0;
				GCC_PREPROCESSOR_DEFINITIONS = (
					"DEBUG=1",
					"$(inherited)",
				);
				GCC_WARN_64_TO_32_BIT_CONVERSION = YES;
				GCC_WARN_ABOUT_RETURN_TYPE = YES_ERROR;
				GCC_WARN_UNDECLARED_SELECTOR = YES;
				GCC_WARN_UNINITIALIZED_AUTOS = YES_AGGRESSIVE;
				GCC_WARN_UNUSED_FUNCTION = YES;
				GCC_WARN_UNUSED_VARIABLE = YES;
				IPHONEOS_DEPLOYMENT_TARGET = 13.0;
				MTL_ENABLE_DEBUG_INFO = INCLUDE_SOURCE;
				MTL_FAST_MATH = YES;
				ONLY_ACTIVE_ARCH = YES;
				SDKROOT = iphoneos;
				SWIFT_ACTIVE_COMPILATION_CONDITIONS = DEBUG;
				SWIFT_OPTIMIZATION_LEVEL = "-Onone";
			};
			name = Debug;
		};
		EFA66BA92889505E006F46A0 /* Release */ = {
			isa = XCBuildConfiguration;
			buildSettings = {
				ALWAYS_SEARCH_USER_PATHS = NO;
				CLANG_ANALYZER_NONNULL = YES;
				CLANG_ANALYZER_NUMBER_OBJECT_CONVERSION = YES_AGGRESSIVE;
				CLANG_CXX_LANGUAGE_STANDARD = "gnu++17";
				CLANG_ENABLE_MODULES = YES;
				CLANG_ENABLE_OBJC_ARC = YES;
				CLANG_ENABLE_OBJC_WEAK = YES;
				CLANG_WARN_BLOCK_CAPTURE_AUTORELEASING = YES;
				CLANG_WARN_BOOL_CONVERSION = YES;
				CLANG_WARN_COMMA = YES;
				CLANG_WARN_CONSTANT_CONVERSION = YES;
				CLANG_WARN_DEPRECATED_OBJC_IMPLEMENTATIONS = YES;
				CLANG_WARN_DIRECT_OBJC_ISA_USAGE = YES_ERROR;
				CLANG_WARN_DOCUMENTATION_COMMENTS = YES;
				CLANG_WARN_EMPTY_BODY = YES;
				CLANG_WARN_ENUM_CONVERSION = YES;
				CLANG_WARN_INFINITE_RECURSION = YES;
				CLANG_WARN_INT_CONVERSION = YES;
				CLANG_WARN_NON_LITERAL_NULL_CONVERSION = YES;
				CLANG_WARN_OBJC_IMPLICIT_RETAIN_SELF = YES;
				CLANG_WARN_OBJC_LITERAL_CONVERSION = YES;
				CLANG_WARN_OBJC_ROOT_CLASS = YES_ERROR;
				CLANG_WARN_QUOTED_INCLUDE_IN_FRAMEWORK_HEADER = YES;
				CLANG_WARN_RANGE_LOOP_ANALYSIS = YES;
				CLANG_WARN_STRICT_PROTOTYPES = YES;
				CLANG_WARN_SUSPICIOUS_MOVE = YES;
				CLANG_WARN_UNGUARDED_AVAILABILITY = YES_AGGRESSIVE;
				CLANG_WARN_UNREACHABLE_CODE = YES;
				CLANG_WARN__DUPLICATE_METHOD_MATCH = YES;
				COPY_PHASE_STRIP = NO;
				DEBUG_INFORMATION_FORMAT = "dwarf-with-dsym";
				ENABLE_NS_ASSERTIONS = NO;
				ENABLE_STRICT_OBJC_MSGSEND = YES;
				GCC_C_LANGUAGE_STANDARD = gnu11;
				GCC_NO_COMMON_BLOCKS = YES;
				GCC_WARN_64_TO_32_BIT_CONVERSION = YES;
				GCC_WARN_ABOUT_RETURN_TYPE = YES_ERROR;
				GCC_WARN_UNDECLARED_SELECTOR = YES;
				GCC_WARN_UNINITIALIZED_AUTOS = YES_AGGRESSIVE;
				GCC_WARN_UNUSED_FUNCTION = YES;
				GCC_WARN_UNUSED_VARIABLE = YES;
				IPHONEOS_DEPLOYMENT_TARGET = 13.0;
				MTL_ENABLE_DEBUG_INFO = NO;
				MTL_FAST_MATH = YES;
				SDKROOT = iphoneos;
				SWIFT_COMPILATION_MODE = wholemodule;
				SWIFT_OPTIMIZATION_LEVEL = "-O";
				VALIDATE_PRODUCT = YES;
			};
			name = Release;
		};
		EFA66BAB2889505E006F46A0 /* Debug */ = {
			isa = XCBuildConfiguration;
			buildSettings = {
				ASSETCATALOG_COMPILER_APPICON_NAME = AppIcon;
				ASSETCATALOG_COMPILER_GLOBAL_ACCENT_COLOR_NAME = AccentColor;
				CODE_SIGN_STYLE = Automatic;
				CURRENT_PROJECT_VERSION = 1;
				DEVELOPMENT_TEAM = GP9D94CZ57;
				GENERATE_INFOPLIST_FILE = YES;
				INFOPLIST_FILE = MiniGameExample/Info.plist;
				INFOPLIST_KEY_UIApplicationSupportsIndirectInputEvents = YES;
				INFOPLIST_KEY_UILaunchStoryboardName = LaunchScreen;
				INFOPLIST_KEY_UIMainStoryboardFile = Main;
				INFOPLIST_KEY_UISupportedInterfaceOrientations_iPad = "UIInterfaceOrientationPortrait UIInterfaceOrientationPortraitUpsideDown UIInterfaceOrientationLandscapeLeft UIInterfaceOrientationLandscapeRight";
				INFOPLIST_KEY_UISupportedInterfaceOrientations_iPhone = "UIInterfaceOrientationPortrait UIInterfaceOrientationLandscapeLeft UIInterfaceOrientationLandscapeRight";
				LD_RUNPATH_SEARCH_PATHS = (
					"$(inherited)",
					"@executable_path/Frameworks",
				);
				MARKETING_VERSION = 1.0;
				PRODUCT_BUNDLE_IDENTIFIER = kr.chosun.MiniGameExample;
				PRODUCT_NAME = "$(TARGET_NAME)";
				SWIFT_EMIT_LOC_STRINGS = YES;
				SWIFT_VERSION = 5.0;
				TARGETED_DEVICE_FAMILY = "1,2";
			};
			name = Debug;
		};
		EFA66BAC2889505E006F46A0 /* Release */ = {
			isa = XCBuildConfiguration;
			buildSettings = {
				ASSETCATALOG_COMPILER_APPICON_NAME = AppIcon;
				ASSETCATALOG_COMPILER_GLOBAL_ACCENT_COLOR_NAME = AccentColor;
				CODE_SIGN_STYLE = Automatic;
				CURRENT_PROJECT_VERSION = 1;
				DEVELOPMENT_TEAM = GP9D94CZ57;
				GENERATE_INFOPLIST_FILE = YES;
				INFOPLIST_FILE = MiniGameExample/Info.plist;
				INFOPLIST_KEY_UIApplicationSupportsIndirectInputEvents = YES;
				INFOPLIST_KEY_UILaunchStoryboardName = LaunchScreen;
				INFOPLIST_KEY_UIMainStoryboardFile = Main;
				INFOPLIST_KEY_UISupportedInterfaceOrientations_iPad = "UIInterfaceOrientationPortrait UIInterfaceOrientationPortraitUpsideDown UIInterfaceOrientationLandscapeLeft UIInterfaceOrientationLandscapeRight";
				INFOPLIST_KEY_UISupportedInterfaceOrientations_iPhone = "UIInterfaceOrientationPortrait UIInterfaceOrientationLandscapeLeft UIInterfaceOrientationLandscapeRight";
				LD_RUNPATH_SEARCH_PATHS = (
					"$(inherited)",
					"@executable_path/Frameworks",
				);
				MARKETING_VERSION = 1.0;
				PRODUCT_BUNDLE_IDENTIFIER = kr.chosun.MiniGameExample;
				PRODUCT_NAME = "$(TARGET_NAME)";
				SWIFT_EMIT_LOC_STRINGS = YES;
				SWIFT_VERSION = 5.0;
				TARGETED_DEVICE_FAMILY = "1,2";
			};
			name = Release;
		};
/* End XCBuildConfiguration section */

/* Begin XCConfigurationList section */
		EFA66B912889505D006F46A0 /* Build configuration list for PBXProject "MiniGameExample" */ = {
			isa = XCConfigurationList;
			buildConfigurations = (
				EFA66BA82889505E006F46A0 /* Debug */,
				EFA66BA92889505E006F46A0 /* Release */,
			);
			defaultConfigurationIsVisible = 0;
			defaultConfigurationName = Release;
		};
		EFA66BAA2889505E006F46A0 /* Build configuration list for PBXNativeTarget "MiniGameExample" */ = {
			isa = XCConfigurationList;
			buildConfigurations = (
				EFA66BAB2889505E006F46A0 /* Debug */,
				EFA66BAC2889505E006F46A0 /* Release */,
			);
			defaultConfigurationIsVisible = 0;
			defaultConfigurationName = Release;
		};
/* End XCConfigurationList section */

/* Begin XCRemoteSwiftPackageReference section */
		EFA66BAD288950C1006F46A0 /* XCRemoteSwiftPackageReference "SnapKit" */ = {
			isa = XCRemoteSwiftPackageReference;
			repositoryURL = "https://github.com/SnapKit/SnapKit.git";
			requirement = {
				branch = develop;
				kind = branch;
			};
		};
		EFA66BB0288950CE006F46A0 /* XCRemoteSwiftPackageReference "Then" */ = {
			isa = XCRemoteSwiftPackageReference;
			repositoryURL = "https://github.com/devxoul/Then";
			requirement = {
				branch = master;
				kind = branch;
			};
		};
		EFA66BB3288950EB006F46A0 /* XCRemoteSwiftPackageReference "RxSwift" */ = {
			isa = XCRemoteSwiftPackageReference;
			repositoryURL = "https://github.com/ReactiveX/RxSwift.git";
			requirement = {
				branch = main;
				kind = branch;
			};
		};
		EFA66BC128895B7A006F46A0 /* XCRemoteSwiftPackageReference "Toast-Swift" */ = {
			isa = XCRemoteSwiftPackageReference;
			repositoryURL = "https://github.com/scalessec/Toast-Swift";
			requirement = {
				branch = master;
				kind = branch;
			};
		};
/* End XCRemoteSwiftPackageReference section */

/* Begin XCSwiftPackageProductDependency section */
		EFA66BAE288950C1006F46A0 /* SnapKit */ = {
			isa = XCSwiftPackageProductDependency;
			package = EFA66BAD288950C1006F46A0 /* XCRemoteSwiftPackageReference "SnapKit" */;
			productName = SnapKit;
		};
		EFA66BB1288950CE006F46A0 /* Then */ = {
			isa = XCSwiftPackageProductDependency;
			package = EFA66BB0288950CE006F46A0 /* XCRemoteSwiftPackageReference "Then" */;
			productName = Then;
		};
		EFA66BB4288950EB006F46A0 /* RxCocoa */ = {
			isa = XCSwiftPackageProductDependency;
			package = EFA66BB3288950EB006F46A0 /* XCRemoteSwiftPackageReference "RxSwift" */;
			productName = RxCocoa;
		};
		EFA66BB6288950EB006F46A0 /* RxRelay */ = {
			isa = XCSwiftPackageProductDependency;
			package = EFA66BB3288950EB006F46A0 /* XCRemoteSwiftPackageReference "RxSwift" */;
			productName = RxRelay;
		};
		EFA66BB8288950EB006F46A0 /* RxSwift */ = {
			isa = XCSwiftPackageProductDependency;
			package = EFA66BB3288950EB006F46A0 /* XCRemoteSwiftPackageReference "RxSwift" */;
			productName = RxSwift;
		};
		EFA66BC228895B7A006F46A0 /* Toast */ = {
			isa = XCSwiftPackageProductDependency;
			package = EFA66BC128895B7A006F46A0 /* XCRemoteSwiftPackageReference "Toast-Swift" */;
			productName = Toast;
		};
/* End XCSwiftPackageProductDependency section */

/* Begin XCVersionGroup section */
		EFB05D13288E21FA0089CEA7 /* Model.xcdatamodeld */ = {
			isa = XCVersionGroup;
			children = (
				EFB05D14288E21FA0089CEA7 /* Model.xcdatamodel */,
			);
			currentVersion = EFB05D14288E21FA0089CEA7 /* Model.xcdatamodel */;
			path = Model.xcdatamodeld;
			sourceTree = "<group>";
			versionGroupType = wrapper.xcdatamodel;
		};
/* End XCVersionGroup section */
	};
	rootObject = EFA66B8E2889505D006F46A0 /* Project object */;
}
