// !$*UTF8*$!
{
	archiveVersion = 1;
	classes = {
	};
	objectVersion = 55;
	objects = {

/* Begin PBXBuildFile section */
		EFA474E8288A5C570087F8EE /* SnowScene.swift in Sources */ = {isa = PBXBuildFile; fileRef = EFA474E7288A5C570087F8EE /* SnowScene.swift */; };
		EFA474EA288A63270087F8EE /* Snow.sks in Resources */ = {isa = PBXBuildFile; fileRef = EFA474E9288A63270087F8EE /* Snow.sks */; };
		EFA66BE2288A36CD006F46A0 /* AppDelegate.swift in Sources */ = {isa = PBXBuildFile; fileRef = EFA66BE1288A36CD006F46A0 /* AppDelegate.swift */; };
		EFA66BE4288A36CD006F46A0 /* SceneDelegate.swift in Sources */ = {isa = PBXBuildFile; fileRef = EFA66BE3288A36CD006F46A0 /* SceneDelegate.swift */; };
		EFA66BE6288A36CD006F46A0 /* ViewController.swift in Sources */ = {isa = PBXBuildFile; fileRef = EFA66BE5288A36CD006F46A0 /* ViewController.swift */; };
		EFA66BE9288A36CD006F46A0 /* Main.storyboard in Resources */ = {isa = PBXBuildFile; fileRef = EFA66BE7288A36CD006F46A0 /* Main.storyboard */; };
		EFA66BEB288A36CE006F46A0 /* Assets.xcassets in Resources */ = {isa = PBXBuildFile; fileRef = EFA66BEA288A36CE006F46A0 /* Assets.xcassets */; };
		EFA66BEE288A36CE006F46A0 /* LaunchScreen.storyboard in Resources */ = {isa = PBXBuildFile; fileRef = EFA66BEC288A36CE006F46A0 /* LaunchScreen.storyboard */; };
		EFA66BF7288A36EB006F46A0 /* RxCocoa in Frameworks */ = {isa = PBXBuildFile; productRef = EFA66BF6288A36EB006F46A0 /* RxCocoa */; };
		EFA66BF9288A36EB006F46A0 /* RxRelay in Frameworks */ = {isa = PBXBuildFile; productRef = EFA66BF8288A36EB006F46A0 /* RxRelay */; };
		EFA66BFB288A36EB006F46A0 /* RxSwift in Frameworks */ = {isa = PBXBuildFile; productRef = EFA66BFA288A36EB006F46A0 /* RxSwift */; };
		EFA66BFE288A36FE006F46A0 /* Then in Frameworks */ = {isa = PBXBuildFile; productRef = EFA66BFD288A36FE006F46A0 /* Then */; };
		EFA66C01288A3717006F46A0 /* SnapKit in Frameworks */ = {isa = PBXBuildFile; productRef = EFA66C00288A3717006F46A0 /* SnapKit */; };
/* End PBXBuildFile section */

/* Begin PBXFileReference section */
		EFA474E7288A5C570087F8EE /* SnowScene.swift */ = {isa = PBXFileReference; lastKnownFileType = sourcecode.swift; path = SnowScene.swift; sourceTree = "<group>"; };
		EFA474E9288A63270087F8EE /* Snow.sks */ = {isa = PBXFileReference; lastKnownFileType = file.sks; path = Snow.sks; sourceTree = "<group>"; };
		EFA66BDE288A36CD006F46A0 /* AnimationPractice.app */ = {isa = PBXFileReference; explicitFileType = wrapper.application; includeInIndex = 0; path = AnimationPractice.app; sourceTree = BUILT_PRODUCTS_DIR; };
		EFA66BE1288A36CD006F46A0 /* AppDelegate.swift */ = {isa = PBXFileReference; lastKnownFileType = sourcecode.swift; path = AppDelegate.swift; sourceTree = "<group>"; };
		EFA66BE3288A36CD006F46A0 /* SceneDelegate.swift */ = {isa = PBXFileReference; lastKnownFileType = sourcecode.swift; path = SceneDelegate.swift; sourceTree = "<group>"; };
		EFA66BE5288A36CD006F46A0 /* ViewController.swift */ = {isa = PBXFileReference; lastKnownFileType = sourcecode.swift; path = ViewController.swift; sourceTree = "<group>"; };
		EFA66BE8288A36CD006F46A0 /* Base */ = {isa = PBXFileReference; lastKnownFileType = file.storyboard; name = Base; path = Base.lproj/Main.storyboard; sourceTree = "<group>"; };
		EFA66BEA288A36CE006F46A0 /* Assets.xcassets */ = {isa = PBXFileReference; lastKnownFileType = folder.assetcatalog; path = Assets.xcassets; sourceTree = "<group>"; };
		EFA66BED288A36CE006F46A0 /* Base */ = {isa = PBXFileReference; lastKnownFileType = file.storyboard; name = Base; path = Base.lproj/LaunchScreen.storyboard; sourceTree = "<group>"; };
		EFA66BEF288A36CE006F46A0 /* Info.plist */ = {isa = PBXFileReference; lastKnownFileType = text.plist.xml; path = Info.plist; sourceTree = "<group>"; };
/* End PBXFileReference section */

/* Begin PBXFrameworksBuildPhase section */
		EFA66BDB288A36CD006F46A0 /* Frameworks */ = {
			isa = PBXFrameworksBuildPhase;
			buildActionMask = 2147483647;
			files = (
				EFA66BFB288A36EB006F46A0 /* RxSwift in Frameworks */,
				EFA66BF9288A36EB006F46A0 /* RxRelay in Frameworks */,
				EFA66BF7288A36EB006F46A0 /* RxCocoa in Frameworks */,
				EFA66BFE288A36FE006F46A0 /* Then in Frameworks */,
				EFA66C01288A3717006F46A0 /* SnapKit in Frameworks */,
			);
			runOnlyForDeploymentPostprocessing = 0;
		};
/* End PBXFrameworksBuildPhase section */

/* Begin PBXGroup section */
		EFA66BD5288A36CD006F46A0 = {
			isa = PBXGroup;
			children = (
				EFA66BE0288A36CD006F46A0 /* AnimationPractice */,
				EFA66BDF288A36CD006F46A0 /* Products */,
			);
			sourceTree = "<group>";
		};
		EFA66BDF288A36CD006F46A0 /* Products */ = {
			isa = PBXGroup;
			children = (
				EFA66BDE288A36CD006F46A0 /* AnimationPractice.app */,
			);
			name = Products;
			sourceTree = "<group>";
		};
		EFA66BE0288A36CD006F46A0 /* AnimationPractice */ = {
			isa = PBXGroup;
			children = (
				EFA66BE1288A36CD006F46A0 /* AppDelegate.swift */,
				EFA66BE3288A36CD006F46A0 /* SceneDelegate.swift */,
				EFA66BE5288A36CD006F46A0 /* ViewController.swift */,
				EFA474E7288A5C570087F8EE /* SnowScene.swift */,
				EFA474E9288A63270087F8EE /* Snow.sks */,
				EFA66BE7288A36CD006F46A0 /* Main.storyboard */,
				EFA66BEA288A36CE006F46A0 /* Assets.xcassets */,
				EFA66BEC288A36CE006F46A0 /* LaunchScreen.storyboard */,
				EFA66BEF288A36CE006F46A0 /* Info.plist */,
			);
			path = AnimationPractice;
			sourceTree = "<group>";
		};
/* End PBXGroup section */

/* Begin PBXNativeTarget section */
		EFA66BDD288A36CD006F46A0 /* AnimationPractice */ = {
			isa = PBXNativeTarget;
			buildConfigurationList = EFA66BF2288A36CE006F46A0 /* Build configuration list for PBXNativeTarget "AnimationPractice" */;
			buildPhases = (
				EFA66BDA288A36CD006F46A0 /* Sources */,
				EFA66BDB288A36CD006F46A0 /* Frameworks */,
				EFA66BDC288A36CD006F46A0 /* Resources */,
			);
			buildRules = (
			);
			dependencies = (
			);
			name = AnimationPractice;
			packageProductDependencies = (
				EFA66BF6288A36EB006F46A0 /* RxCocoa */,
				EFA66BF8288A36EB006F46A0 /* RxRelay */,
				EFA66BFA288A36EB006F46A0 /* RxSwift */,
				EFA66BFD288A36FE006F46A0 /* Then */,
				EFA66C00288A3717006F46A0 /* SnapKit */,
			);
			productName = AnimationPractice;
			productReference = EFA66BDE288A36CD006F46A0 /* AnimationPractice.app */;
			productType = "com.apple.product-type.application";
		};
/* End PBXNativeTarget section */

/* Begin PBXProject section */
		EFA66BD6288A36CD006F46A0 /* Project object */ = {
			isa = PBXProject;
			attributes = {
				BuildIndependentTargetsInParallel = 1;
				LastSwiftUpdateCheck = 1330;
				LastUpgradeCheck = 1330;
				TargetAttributes = {
					EFA66BDD288A36CD006F46A0 = {
						CreatedOnToolsVersion = 13.3.1;
					};
				};
			};
			buildConfigurationList = EFA66BD9288A36CD006F46A0 /* Build configuration list for PBXProject "AnimationPractice" */;
			compatibilityVersion = "Xcode 13.0";
			developmentRegion = en;
			hasScannedForEncodings = 0;
			knownRegions = (
				en,
				Base,
			);
			mainGroup = EFA66BD5288A36CD006F46A0;
			packageReferences = (
				EFA66BF5288A36EB006F46A0 /* XCRemoteSwiftPackageReference "RxSwift" */,
				EFA66BFC288A36FE006F46A0 /* XCRemoteSwiftPackageReference "Then" */,
				EFA66BFF288A3717006F46A0 /* XCRemoteSwiftPackageReference "SnapKit" */,
			);
			productRefGroup = EFA66BDF288A36CD006F46A0 /* Products */;
			projectDirPath = "";
			projectRoot = "";
			targets = (
				EFA66BDD288A36CD006F46A0 /* AnimationPractice */,
			);
		};
/* End PBXProject section */

/* Begin PBXResourcesBuildPhase section */
		EFA66BDC288A36CD006F46A0 /* Resources */ = {
			isa = PBXResourcesBuildPhase;
			buildActionMask = 2147483647;
			files = (
				EFA66BEE288A36CE006F46A0 /* LaunchScreen.storyboard in Resources */,
				EFA66BEB288A36CE006F46A0 /* Assets.xcassets in Resources */,
				EFA474EA288A63270087F8EE /* Snow.sks in Resources */,
				EFA66BE9288A36CD006F46A0 /* Main.storyboard in Resources */,
			);
			runOnlyForDeploymentPostprocessing = 0;
		};
/* End PBXResourcesBuildPhase section */

/* Begin PBXSourcesBuildPhase section */
		EFA66BDA288A36CD006F46A0 /* Sources */ = {
			isa = PBXSourcesBuildPhase;
			buildActionMask = 2147483647;
			files = (
				EFA66BE6288A36CD006F46A0 /* ViewController.swift in Sources */,
				EFA66BE2288A36CD006F46A0 /* AppDelegate.swift in Sources */,
				EFA66BE4288A36CD006F46A0 /* SceneDelegate.swift in Sources */,
				EFA474E8288A5C570087F8EE /* SnowScene.swift in Sources */,
			);
			runOnlyForDeploymentPostprocessing = 0;
		};
/* End PBXSourcesBuildPhase section */

/* Begin PBXVariantGroup section */
		EFA66BE7288A36CD006F46A0 /* Main.storyboard */ = {
			isa = PBXVariantGroup;
			children = (
				EFA66BE8288A36CD006F46A0 /* Base */,
			);
			name = Main.storyboard;
			sourceTree = "<group>";
		};
		EFA66BEC288A36CE006F46A0 /* LaunchScreen.storyboard */ = {
			isa = PBXVariantGroup;
			children = (
				EFA66BED288A36CE006F46A0 /* Base */,
			);
			name = LaunchScreen.storyboard;
			sourceTree = "<group>";
		};
/* End PBXVariantGroup section */

/* Begin XCBuildConfiguration section */
		EFA66BF0288A36CE006F46A0 /* Debug */ = {
			isa = XCBuildConfiguration;
			buildSettings = {
				ALWAYS_SEARCH_USER_PATHS = NO;
				CLANG_ANALYZER_NONNULL = YES;
				CLANG_ANALYZER_NUMBER_OBJECT_CONVERSION = YES_AGGRESSIVE;
				CLANG_CXX_LANGUAGE_STANDARD = "gnu++17";
				CLANG_ENABLE_MODULES = YES;
				CLANG_ENABLE_OBJC_ARC = YES;
				CLANG_ENABLE_OBJC_WEAK = YES;
				CLANG_WARN_BLOCK_CAPTURE_AUTORELEASING = YES;
				CLANG_WARN_BOOL_CONVERSION = YES;
				CLANG_WARN_COMMA = YES;
				CLANG_WARN_CONSTANT_CONVERSION = YES;
				CLANG_WARN_DEPRECATED_OBJC_IMPLEMENTATIONS = YES;
				CLANG_WARN_DIRECT_OBJC_ISA_USAGE = YES_ERROR;
				CLANG_WARN_DOCUMENTATION_COMMENTS = YES;
				CLANG_WARN_EMPTY_BODY = YES;
				CLANG_WARN_ENUM_CONVERSION = YES;
				CLANG_WARN_INFINITE_RECURSION = YES;
				CLANG_WARN_INT_CONVERSION = YES;
				CLANG_WARN_NON_LITERAL_NULL_CONVERSION = YES;
				CLANG_WARN_OBJC_IMPLICIT_RETAIN_SELF = YES;
				CLANG_WARN_OBJC_LITERAL_CONVERSION = YES;
				CLANG_WARN_OBJC_ROOT_CLASS = YES_ERROR;
				CLANG_WARN_QUOTED_INCLUDE_IN_FRAMEWORK_HEADER = YES;
				CLANG_WARN_RANGE_LOOP_ANALYSIS = YES;
				CLANG_WARN_STRICT_PROTOTYPES = YES;
				CLANG_WARN_SUSPICIOUS_MOVE = YES;
				CLANG_WARN_UNGUARDED_AVAILABILITY = YES_AGGRESSIVE;
				CLANG_WARN_UNREACHABLE_CODE = YES;
				CLANG_WARN__DUPLICATE_METHOD_MATCH = YES;
				COPY_PHASE_STRIP = NO;
				DEBUG_INFORMATION_FORMAT = dwarf;
				ENABLE_STRICT_OBJC_MSGSEND = YES;
				ENABLE_TESTABILITY = YES;
				GCC_C_LANGUAGE_STANDARD = gnu11;
				GCC_DYNAMIC_NO_PIC = NO;
				GCC_NO_COMMON_BLOCKS = YES;
				GCC_OPTIMIZATION_LEVEL = 0;
				GCC_PREPROCESSOR_DEFINITIONS = (
					"DEBUG=1",
					"$(inherited)",
				);
				GCC_WARN_64_TO_32_BIT_CONVERSION = YES;
				GCC_WARN_ABOUT_RETURN_TYPE = YES_ERROR;
				GCC_WARN_UNDECLARED_SELECTOR = YES;
				GCC_WARN_UNINITIALIZED_AUTOS = YES_AGGRESSIVE;
				GCC_WARN_UNUSED_FUNCTION = YES;
				GCC_WARN_UNUSED_VARIABLE = YES;
				IPHONEOS_DEPLOYMENT_TARGET = 13.0;
				MTL_ENABLE_DEBUG_INFO = INCLUDE_SOURCE;
				MTL_FAST_MATH = YES;
				ONLY_ACTIVE_ARCH = YES;
				SDKROOT = iphoneos;
				SWIFT_ACTIVE_COMPILATION_CONDITIONS = DEBUG;
				SWIFT_OPTIMIZATION_LEVEL = "-Onone";
			};
			name = Debug;
		};
		EFA66BF1288A36CE006F46A0 /* Release */ = {
			isa = XCBuildConfiguration;
			buildSettings = {
				ALWAYS_SEARCH_USER_PATHS = NO;
				CLANG_ANALYZER_NONNULL = YES;
				CLANG_ANALYZER_NUMBER_OBJECT_CONVERSION = YES_AGGRESSIVE;
				CLANG_CXX_LANGUAGE_STANDARD = "gnu++17";
				CLANG_ENABLE_MODULES = YES;
				CLANG_ENABLE_OBJC_ARC = YES;
				CLANG_ENABLE_OBJC_WEAK = YES;
				CLANG_WARN_BLOCK_CAPTURE_AUTORELEASING = YES;
				CLANG_WARN_BOOL_CONVERSION = YES;
				CLANG_WARN_COMMA = YES;
				CLANG_WARN_CONSTANT_CONVERSION = YES;
				CLANG_WARN_DEPRECATED_OBJC_IMPLEMENTATIONS = YES;
				CLANG_WARN_DIRECT_OBJC_ISA_USAGE = YES_ERROR;
				CLANG_WARN_DOCUMENTATION_COMMENTS = YES;
				CLANG_WARN_EMPTY_BODY = YES;
				CLANG_WARN_ENUM_CONVERSION = YES;
				CLANG_WARN_INFINITE_RECURSION = YES;
				CLANG_WARN_INT_CONVERSION = YES;
				CLANG_WARN_NON_LITERAL_NULL_CONVERSION = YES;
				CLANG_WARN_OBJC_IMPLICIT_RETAIN_SELF = YES;
				CLANG_WARN_OBJC_LITERAL_CONVERSION = YES;
				CLANG_WARN_OBJC_ROOT_CLASS = YES_ERROR;
				CLANG_WARN_QUOTED_INCLUDE_IN_FRAMEWORK_HEADER = YES;
				CLANG_WARN_RANGE_LOOP_ANALYSIS = YES;
				CLANG_WARN_STRICT_PROTOTYPES = YES;
				CLANG_WARN_SUSPICIOUS_MOVE = YES;
				CLANG_WARN_UNGUARDED_AVAILABILITY = YES_AGGRESSIVE;
				CLANG_WARN_UNREACHABLE_CODE = YES;
				CLANG_WARN__DUPLICATE_METHOD_MATCH = YES;
				COPY_PHASE_STRIP = NO;
				DEBUG_INFORMATION_FORMAT = "dwarf-with-dsym";
				ENABLE_NS_ASSERTIONS = NO;
				ENABLE_STRICT_OBJC_MSGSEND = YES;
				GCC_C_LANGUAGE_STANDARD = gnu11;
				GCC_NO_COMMON_BLOCKS = YES;
				GCC_WARN_64_TO_32_BIT_CONVERSION = YES;
				GCC_WARN_ABOUT_RETURN_TYPE = YES_ERROR;
				GCC_WARN_UNDECLARED_SELECTOR = YES;
				GCC_WARN_UNINITIALIZED_AUTOS = YES_AGGRESSIVE;
				GCC_WARN_UNUSED_FUNCTION = YES;
				GCC_WARN_UNUSED_VARIABLE = YES;
				IPHONEOS_DEPLOYMENT_TARGET = 13.0;
				MTL_ENABLE_DEBUG_INFO = NO;
				MTL_FAST_MATH = YES;
				SDKROOT = iphoneos;
				SWIFT_COMPILATION_MODE = wholemodule;
				SWIFT_OPTIMIZATION_LEVEL = "-O";
				VALIDATE_PRODUCT = YES;
			};
			name = Release;
		};
		EFA66BF3288A36CE006F46A0 /* Debug */ = {
			isa = XCBuildConfiguration;
			buildSettings = {
				ASSETCATALOG_COMPILER_APPICON_NAME = AppIcon;
				ASSETCATALOG_COMPILER_GLOBAL_ACCENT_COLOR_NAME = AccentColor;
				CODE_SIGN_STYLE = Automatic;
				CURRENT_PROJECT_VERSION = 1;
				DEVELOPMENT_TEAM = GP9D94CZ57;
				GENERATE_INFOPLIST_FILE = YES;
				INFOPLIST_FILE = AnimationPractice/Info.plist;
				INFOPLIST_KEY_UIApplicationSupportsIndirectInputEvents = YES;
				INFOPLIST_KEY_UILaunchStoryboardName = LaunchScreen;
				INFOPLIST_KEY_UIMainStoryboardFile = Main;
				INFOPLIST_KEY_UISupportedInterfaceOrientations_iPad = "UIInterfaceOrientationPortrait UIInterfaceOrientationPortraitUpsideDown UIInterfaceOrientationLandscapeLeft UIInterfaceOrientationLandscapeRight";
				INFOPLIST_KEY_UISupportedInterfaceOrientations_iPhone = "UIInterfaceOrientationPortrait UIInterfaceOrientationLandscapeLeft UIInterfaceOrientationLandscapeRight";
				LD_RUNPATH_SEARCH_PATHS = (
					"$(inherited)",
					"@executable_path/Frameworks",
				);
				MARKETING_VERSION = 1.0;
				PRODUCT_BUNDLE_IDENTIFIER = kr.chosun.AnimationPractice;
				PRODUCT_NAME = "$(TARGET_NAME)";
				SWIFT_EMIT_LOC_STRINGS = YES;
				SWIFT_VERSION = 5.0;
				TARGETED_DEVICE_FAMILY = "1,2";
			};
			name = Debug;
		};
		EFA66BF4288A36CE006F46A0 /* Release */ = {
			isa = XCBuildConfiguration;
			buildSettings = {
				ASSETCATALOG_COMPILER_APPICON_NAME = AppIcon;
				ASSETCATALOG_COMPILER_GLOBAL_ACCENT_COLOR_NAME = AccentColor;
				CODE_SIGN_STYLE = Automatic;
				CURRENT_PROJECT_VERSION = 1;
				DEVELOPMENT_TEAM = GP9D94CZ57;
				GENERATE_INFOPLIST_FILE = YES;
				INFOPLIST_FILE = AnimationPractice/Info.plist;
				INFOPLIST_KEY_UIApplicationSupportsIndirectInputEvents = YES;
				INFOPLIST_KEY_UILaunchStoryboardName = LaunchScreen;
				INFOPLIST_KEY_UIMainStoryboardFile = Main;
				INFOPLIST_KEY_UISupportedInterfaceOrientations_iPad = "UIInterfaceOrientationPortrait UIInterfaceOrientationPortraitUpsideDown UIInterfaceOrientationLandscapeLeft UIInterfaceOrientationLandscapeRight";
				INFOPLIST_KEY_UISupportedInterfaceOrientations_iPhone = "UIInterfaceOrientationPortrait UIInterfaceOrientationLandscapeLeft UIInterfaceOrientationLandscapeRight";
				LD_RUNPATH_SEARCH_PATHS = (
					"$(inherited)",
					"@executable_path/Frameworks",
				);
				MARKETING_VERSION = 1.0;
				PRODUCT_BUNDLE_IDENTIFIER = kr.chosun.AnimationPractice;
				PRODUCT_NAME = "$(TARGET_NAME)";
				SWIFT_EMIT_LOC_STRINGS = YES;
				SWIFT_VERSION = 5.0;
				TARGETED_DEVICE_FAMILY = "1,2";
			};
			name = Release;
		};
/* End XCBuildConfiguration section */

/* Begin XCConfigurationList section */
		EFA66BD9288A36CD006F46A0 /* Build configuration list for PBXProject "AnimationPractice" */ = {
			isa = XCConfigurationList;
			buildConfigurations = (
				EFA66BF0288A36CE006F46A0 /* Debug */,
				EFA66BF1288A36CE006F46A0 /* Release */,
			);
			defaultConfigurationIsVisible = 0;
			defaultConfigurationName = Release;
		};
		EFA66BF2288A36CE006F46A0 /* Build configuration list for PBXNativeTarget "AnimationPractice" */ = {
			isa = XCConfigurationList;
			buildConfigurations = (
				EFA66BF3288A36CE006F46A0 /* Debug */,
				EFA66BF4288A36CE006F46A0 /* Release */,
			);
			defaultConfigurationIsVisible = 0;
			defaultConfigurationName = Release;
		};
/* End XCConfigurationList section */

/* Begin XCRemoteSwiftPackageReference section */
		EFA66BF5288A36EB006F46A0 /* XCRemoteSwiftPackageReference "RxSwift" */ = {
			isa = XCRemoteSwiftPackageReference;
			repositoryURL = "https://github.com/ReactiveX/RxSwift.git";
			requirement = {
				branch = main;
				kind = branch;
			};
		};
		EFA66BFC288A36FE006F46A0 /* XCRemoteSwiftPackageReference "Then" */ = {
			isa = XCRemoteSwiftPackageReference;
			repositoryURL = "https://github.com/devxoul/Then";
			requirement = {
				branch = master;
				kind = branch;
			};
		};
		EFA66BFF288A3717006F46A0 /* XCRemoteSwiftPackageReference "SnapKit" */ = {
			isa = XCRemoteSwiftPackageReference;
			repositoryURL = "https://github.com/SnapKit/SnapKit.git";
			requirement = {
				branch = develop;
				kind = branch;
			};
		};
/* End XCRemoteSwiftPackageReference section */

/* Begin XCSwiftPackageProductDependency section */
		EFA66BF6288A36EB006F46A0 /* RxCocoa */ = {
			isa = XCSwiftPackageProductDependency;
			package = EFA66BF5288A36EB006F46A0 /* XCRemoteSwiftPackageReference "RxSwift" */;
			productName = RxCocoa;
		};
		EFA66BF8288A36EB006F46A0 /* RxRelay */ = {
			isa = XCSwiftPackageProductDependency;
			package = EFA66BF5288A36EB006F46A0 /* XCRemoteSwiftPackageReference "RxSwift" */;
			productName = RxRelay;
		};
		EFA66BFA288A36EB006F46A0 /* RxSwift */ = {
			isa = XCSwiftPackageProductDependency;
			package = EFA66BF5288A36EB006F46A0 /* XCRemoteSwiftPackageReference "RxSwift" */;
			productName = RxSwift;
		};
		EFA66BFD288A36FE006F46A0 /* Then */ = {
			isa = XCSwiftPackageProductDependency;
			package = EFA66BFC288A36FE006F46A0 /* XCRemoteSwiftPackageReference "Then" */;
			productName = Then;
		};
		EFA66C00288A3717006F46A0 /* SnapKit */ = {
			isa = XCSwiftPackageProductDependency;
			package = EFA66BFF288A3717006F46A0 /* XCRemoteSwiftPackageReference "SnapKit" */;
			productName = SnapKit;
		};
/* End XCSwiftPackageProductDependency section */
	};
	rootObject = EFA66BD6288A36CD006F46A0 /* Project object */;
}
